
Microsoft Visual Studio Solution File, Format Version 12.00
# Visual Studio Version 16
VisualStudioVersion = 16.0.30204.135
MinimumVisualStudioVersion = 10.0.40219.1
Project("{8BC9CEB8-8B4A-11D0-8D11-00A0C91BC942}") = "Project12", "Project12\Project12.vcxproj", "{B6C871FB-6AD6-41E4-A643-BACFD48A6269}"
EndProject
Project("{8BC9CEB8-8B4A-11D0-8D11-00A0C91BC942}") = "Project1", "Project1\Project1.vcxproj", "{378101A8-6742-41F7-9674-A8E6356D5060}"
EndProject
Project("{8BC9CEB8-8B4A-11D0-8D11-00A0C91BC942}") = "Project2", "Project2\Project2.vcxproj", "{26CBB3A0-00BE-4969-9F0E-8C007C2EA11D}"
EndProject
Project("{8BC9CEB8-8B4A-11D0-8D11-00A0C91BC942}") = "Project3", "Project3\Project3.vcxproj", "{A17B4809-E32A-42B4-A30B-CCF4BBE311CD}"
EndProject
Project("{8BC9CEB8-8B4A-11D0-8D11-00A0C91BC942}") = "Project4", "Project4\Project4.vcxproj", "{C52E9E22-D897-4633-AE8C-AB49ED2CFEDE}"
EndProject
Project("{8BC9CEB8-8B4A-11D0-8D11-00A0C91BC942}") = "Project5", "Project5\Project5.vcxproj", "{90A48627-3170-443F-BC03-2901971D1471}"
EndProject
Project("{8BC9CEB8-8B4A-11D0-8D11-00A0C91BC942}") = "Project6", "Project6\Project6.vcxproj", "{853384E4-4898-41E4-A7EC-C9ABF338CFA2}"
EndProject
Project("{8BC9CEB8-8B4A-11D0-8D11-00A0C91BC942}") = "Project7", "Project7\Project7.vcxproj", "{6632EF07-DA14-4A79-A0D0-2A55B0899FC3}"
EndProject
Project("{8BC9CEB8-8B4A-11D0-8D11-00A0C91BC942}") = "Project8", "Project8\Project8.vcxproj", "{9578313F-6C35-4DA7-B88A-22E384362A9A}"
EndProject
Project("{8BC9CEB8-8B4A-11D0-8D11-00A0C91BC942}") = "Project9", "Project9\Project9.vcxproj", "{DF9A094E-4086-4C32-9D55-D94B7BA2F728}"
EndProject
Project("{8BC9CEB8-8B4A-11D0-8D11-00A0C91BC942}") = "Project10", "Project10\Project10.vcxproj", "{513D63E7-89F7-421F-8BF2-0F3BAF1CB0B0}"
EndProject
Project("{8BC9CEB8-8B4A-11D0-8D11-00A0C91BC942}") = "Project11", "Project11\Project11.vcxproj", "{7E33FB1E-519C-44DF-9DF8-0DF1AAE64D7F}"
EndProject
Project("{8BC9CEB8-8B4A-11D0-8D11-00A0C91BC942}") = "Project13", "Project13\Project13.vcxproj", "{ACD22102-D177-407C-96C0-C6B4DB689708}"
EndProject
Project("{8BC9CEB8-8B4A-11D0-8D11-00A0C91BC942}") = "Project14", "Project14\Project14.vcxproj", "{5C8E9509-27A0-441B-9A36-B5A948665452}"
EndProject
Project("{8BC9CEB8-8B4A-11D0-8D11-00A0C91BC942}") = "Project15", "Project15\Project15.vcxproj", "{058A25F6-1D03-4DC5-A9E0-D60A4E7DAEEE}"
EndProject
Project("{8BC9CEB8-8B4A-11D0-8D11-00A0C91BC942}") = "Project16", "Project16\Project16.vcxproj", "{FA510687-DD42-4347-ADB7-2D6F8810D4F0}"
EndProject
Project("{8BC9CEB8-8B4A-11D0-8D11-00A0C91BC942}") = "Project17", "Project17\Project17.vcxproj", "{E9A3C4FC-4C35-4040-83D4-73CD3259A4DD}"
EndProject
Global
	GlobalSection(SolutionConfigurationPlatforms) = preSolution
		Debug|x64 = Debug|x64
		Debug|x86 = Debug|x86
		Release|x64 = Release|x64
		Release|x86 = Release|x86
	EndGlobalSection
	GlobalSection(ProjectConfigurationPlatforms) = postSolution
		{B6C871FB-6AD6-41E4-A643-BACFD48A6269}.Debug|x64.ActiveCfg = Debug|x64
		{B6C871FB-6AD6-41E4-A643-BACFD48A6269}.Debug|x64.Build.0 = Debug|x64
		{B6C871FB-6AD6-41E4-A643-BACFD48A6269}.Debug|x86.ActiveCfg = Debug|Win32
		{B6C871FB-6AD6-41E4-A643-BACFD48A6269}.Debug|x86.Build.0 = Debug|Win32
		{B6C871FB-6AD6-41E4-A643-BACFD48A6269}.Release|x64.ActiveCfg = Release|x64
		{B6C871FB-6AD6-41E4-A643-BACFD48A6269}.Release|x64.Build.0 = Release|x64
		{B6C871FB-6AD6-41E4-A643-BACFD48A6269}.Release|x86.ActiveCfg = Release|Win32
		{B6C871FB-6AD6-41E4-A643-BACFD48A6269}.Release|x86.Build.0 = Release|Win32
		{378101A8-6742-41F7-9674-A8E6356D5060}.Debug|x64.ActiveCfg = Debug|x64
		{378101A8-6742-41F7-9674-A8E6356D5060}.Debug|x64.Build.0 = Debug|x64
		{378101A8-6742-41F7-9674-A8E6356D5060}.Debug|x86.ActiveCfg = Debug|Win32
		{378101A8-6742-41F7-9674-A8E6356D5060}.Debug|x86.Build.0 = Debug|Win32
		{378101A8-6742-41F7-9674-A8E6356D5060}.Release|x64.ActiveCfg = Release|x64
		{378101A8-6742-41F7-9674-A8E6356D5060}.Release|x64.Build.0 = Release|x64
		{378101A8-6742-41F7-9674-A8E6356D5060}.Release|x86.ActiveCfg = Release|Win32
		{378101A8-6742-41F7-9674-A8E6356D5060}.Release|x86.Build.0 = Release|Win32
		{26CBB3A0-00BE-4969-9F0E-8C007C2EA11D}.Debug|x64.ActiveCfg = Debug|x64
		{26CBB3A0-00BE-4969-9F0E-8C007C2EA11D}.Debug|x64.Build.0 = Debug|x64
		{26CBB3A0-00BE-4969-9F0E-8C007C2EA11D}.Debug|x86.ActiveCfg = Debug|Win32
		{26CBB3A0-00BE-4969-9F0E-8C007C2EA11D}.Debug|x86.Build.0 = Debug|Win32
		{26CBB3A0-00BE-4969-9F0E-8C007C2EA11D}.Release|x64.ActiveCfg = Release|x64
		{26CBB3A0-00BE-4969-9F0E-8C007C2EA11D}.Release|x64.Build.0 = Release|x64
		{26CBB3A0-00BE-4969-9F0E-8C007C2EA11D}.Release|x86.ActiveCfg = Release|Win32
		{26CBB3A0-00BE-4969-9F0E-8C007C2EA11D}.Release|x86.Build.0 = Release|Win32
		{A17B4809-E32A-42B4-A30B-CCF4BBE311CD}.Debug|x64.ActiveCfg = Debug|x64
		{A17B4809-E32A-42B4-A30B-CCF4BBE311CD}.Debug|x64.Build.0 = Debug|x64
		{A17B4809-E32A-42B4-A30B-CCF4BBE311CD}.Debug|x86.ActiveCfg = Debug|Win32
		{A17B4809-E32A-42B4-A30B-CCF4BBE311CD}.Debug|x86.Build.0 = Debug|Win32
		{A17B4809-E32A-42B4-A30B-CCF4BBE311CD}.Release|x64.ActiveCfg = Release|x64
		{A17B4809-E32A-42B4-A30B-CCF4BBE311CD}.Release|x64.Build.0 = Release|x64
		{A17B4809-E32A-42B4-A30B-CCF4BBE311CD}.Release|x86.ActiveCfg = Release|Win32
		{A17B4809-E32A-42B4-A30B-CCF4BBE311CD}.Release|x86.Build.0 = Release|Win32
		{C52E9E22-D897-4633-AE8C-AB49ED2CFEDE}.Debug|x64.ActiveCfg = Debug|x64
		{C52E9E22-D897-4633-AE8C-AB49ED2CFEDE}.Debug|x64.Build.0 = Debug|x64
		{C52E9E22-D897-4633-AE8C-AB49ED2CFEDE}.Debug|x86.ActiveCfg = Debug|Win32
		{C52E9E22-D897-4633-AE8C-AB49ED2CFEDE}.Debug|x86.Build.0 = Debug|Win32
		{C52E9E22-D897-4633-AE8C-AB49ED2CFEDE}.Release|x64.ActiveCfg = Release|x64
		{C52E9E22-D897-4633-AE8C-AB49ED2CFEDE}.Release|x64.Build.0 = Release|x64
		{C52E9E22-D897-4633-AE8C-AB49ED2CFEDE}.Release|x86.ActiveCfg = Release|Win32
		{C52E9E22-D897-4633-AE8C-AB49ED2CFEDE}.Release|x86.Build.0 = Release|Win32
		{90A48627-3170-443F-BC03-2901971D1471}.Debug|x64.ActiveCfg = Debug|x64
		{90A48627-3170-443F-BC03-2901971D1471}.Debug|x64.Build.0 = Debug|x64
		{90A48627-3170-443F-BC03-2901971D1471}.Debug|x86.ActiveCfg = Debug|Win32
		{90A48627-3170-443F-BC03-2901971D1471}.Debug|x86.Build.0 = Debug|Win32
		{90A48627-3170-443F-BC03-2901971D1471}.Release|x64.ActiveCfg = Release|x64
		{90A48627-3170-443F-BC03-2901971D1471}.Release|x64.Build.0 = Release|x64
		{90A48627-3170-443F-BC03-2901971D1471}.Release|x86.ActiveCfg = Release|Win32
		{90A48627-3170-443F-BC03-2901971D1471}.Release|x86.Build.0 = Release|Win32
		{853384E4-4898-41E4-A7EC-C9ABF338CFA2}.Debug|x64.ActiveCfg = Debug|x64
		{853384E4-4898-41E4-A7EC-C9ABF338CFA2}.Debug|x64.Build.0 = Debug|x64
		{853384E4-4898-41E4-A7EC-C9ABF338CFA2}.Debug|x86.ActiveCfg = Debug|Win32
		{853384E4-4898-41E4-A7EC-C9ABF338CFA2}.Debug|x86.Build.0 = Debug|Win32
		{853384E4-4898-41E4-A7EC-C9ABF338CFA2}.Release|x64.ActiveCfg = Release|x64
		{853384E4-4898-41E4-A7EC-C9ABF338CFA2}.Release|x64.Build.0 = Release|x64
		{853384E4-4898-41E4-A7EC-C9ABF338CFA2}.Release|x86.ActiveCfg = Release|Win32
		{853384E4-4898-41E4-A7EC-C9ABF338CFA2}.Release|x86.Build.0 = Release|Win32
		{6632EF07-DA14-4A79-A0D0-2A55B0899FC3}.Debug|x64.ActiveCfg = Debug|x64
		{6632EF07-DA14-4A79-A0D0-2A55B0899FC3}.Debug|x64.Build.0 = Debug|x64
		{6632EF07-DA14-4A79-A0D0-2A55B0899FC3}.Debug|x86.ActiveCfg = Debug|Win32
		{6632EF07-DA14-4A79-A0D0-2A55B0899FC3}.Debug|x86.Build.0 = Debug|Win32
		{6632EF07-DA14-4A79-A0D0-2A55B0899FC3}.Release|x64.ActiveCfg = Release|x64
		{6632EF07-DA14-4A79-A0D0-2A55B0899FC3}.Release|x64.Build.0 = Release|x64
		{6632EF07-DA14-4A79-A0D0-2A55B0899FC3}.Release|x86.ActiveCfg = Release|Win32
		{6632EF07-DA14-4A79-A0D0-2A55B0899FC3}.Release|x86.Build.0 = Release|Win32
		{9578313F-6C35-4DA7-B88A-22E384362A9A}.Debug|x64.ActiveCfg = Debug|x64
		{9578313F-6C35-4DA7-B88A-22E384362A9A}.Debug|x64.Build.0 = Debug|x64
		{9578313F-6C35-4DA7-B88A-22E384362A9A}.Debug|x86.ActiveCfg = Debug|Win32
		{9578313F-6C35-4DA7-B88A-22E384362A9A}.Debug|x86.Build.0 = Debug|Win32
		{9578313F-6C35-4DA7-B88A-22E384362A9A}.Release|x64.ActiveCfg = Release|x64
		{9578313F-6C35-4DA7-B88A-22E384362A9A}.Release|x64.Build.0 = Release|x64
		{9578313F-6C35-4DA7-B88A-22E384362A9A}.Release|x86.ActiveCfg = Release|Win32
		{9578313F-6C35-4DA7-B88A-22E384362A9A}.Release|x86.Build.0 = Release|Win32
		{DF9A094E-4086-4C32-9D55-D94B7BA2F728}.Debug|x64.ActiveCfg = Debug|x64
		{DF9A094E-4086-4C32-9D55-D94B7BA2F728}.Debug|x64.Build.0 = Debug|x64
		{DF9A094E-4086-4C32-9D55-D94B7BA2F728}.Debug|x86.ActiveCfg = Debug|Win32
		{DF9A094E-4086-4C32-9D55-D94B7BA2F728}.Debug|x86.Build.0 = Debug|Win32
		{DF9A094E-4086-4C32-9D55-D94B7BA2F728}.Release|x64.ActiveCfg = Release|x64
		{DF9A094E-4086-4C32-9D55-D94B7BA2F728}.Release|x64.Build.0 = Release|x64
		{DF9A094E-4086-4C32-9D55-D94B7BA2F728}.Release|x86.ActiveCfg = Release|Win32
		{DF9A094E-4086-4C32-9D55-D94B7BA2F728}.Release|x86.Build.0 = Release|Win32
		{513D63E7-89F7-421F-8BF2-0F3BAF1CB0B0}.Debug|x64.ActiveCfg = Debug|x64
		{513D63E7-89F7-421F-8BF2-0F3BAF1CB0B0}.Debug|x64.Build.0 = Debug|x64
		{513D63E7-89F7-421F-8BF2-0F3BAF1CB0B0}.Debug|x86.ActiveCfg = Debug|Win32
		{513D63E7-89F7-421F-8BF2-0F3BAF1CB0B0}.Debug|x86.Build.0 = Debug|Win32
		{513D63E7-89F7-421F-8BF2-0F3BAF1CB0B0}.Release|x64.ActiveCfg = Release|x64
		{513D63E7-89F7-421F-8BF2-0F3BAF1CB0B0}.Release|x64.Build.0 = Release|x64
		{513D63E7-89F7-421F-8BF2-0F3BAF1CB0B0}.Release|x86.ActiveCfg = Release|Win32
		{513D63E7-89F7-421F-8BF2-0F3BAF1CB0B0}.Release|x86.Build.0 = Release|Win32
		{7E33FB1E-519C-44DF-9DF8-0DF1AAE64D7F}.Debug|x64.ActiveCfg = Debug|x64
		{7E33FB1E-519C-44DF-9DF8-0DF1AAE64D7F}.Debug|x64.Build.0 = Debug|x64
		{7E33FB1E-519C-44DF-9DF8-0DF1AAE64D7F}.Debug|x86.ActiveCfg = Debug|Win32
		{7E33FB1E-519C-44DF-9DF8-0DF1AAE64D7F}.Debug|x86.Build.0 = Debug|Win32
		{7E33FB1E-519C-44DF-9DF8-0DF1AAE64D7F}.Release|x64.ActiveCfg = Release|x64
		{7E33FB1E-519C-44DF-9DF8-0DF1AAE64D7F}.Release|x64.Build.0 = Release|x64
		{7E33FB1E-519C-44DF-9DF8-0DF1AAE64D7F}.Release|x86.ActiveCfg = Release|Win32
		{7E33FB1E-519C-44DF-9DF8-0DF1AAE64D7F}.Release|x86.Build.0 = Release|Win32
		{ACD22102-D177-407C-96C0-C6B4DB689708}.Debug|x64.ActiveCfg = Debug|x64
		{ACD22102-D177-407C-96C0-C6B4DB689708}.Debug|x64.Build.0 = Debug|x64
		{ACD22102-D177-407C-96C0-C6B4DB689708}.Debug|x86.ActiveCfg = Debug|Win32
		{ACD22102-D177-407C-96C0-C6B4DB689708}.Debug|x86.Build.0 = Debug|Win32
		{ACD22102-D177-407C-96C0-C6B4DB689708}.Release|x64.ActiveCfg = Release|x64
		{ACD22102-D177-407C-96C0-C6B4DB689708}.Release|x64.Build.0 = Release|x64
		{ACD22102-D177-407C-96C0-C6B4DB689708}.Release|x86.ActiveCfg = Release|Win32
		{ACD22102-D177-407C-96C0-C6B4DB689708}.Release|x86.Build.0 = Release|Win32
		{5C8E9509-27A0-441B-9A36-B5A948665452}.Debug|x64.ActiveCfg = Debug|x64
		{5C8E9509-27A0-441B-9A36-B5A948665452}.Debug|x64.Build.0 = Debug|x64
		{5C8E9509-27A0-441B-9A36-B5A948665452}.Debug|x86.ActiveCfg = Debug|Win32
		{5C8E9509-27A0-441B-9A36-B5A948665452}.Debug|x86.Build.0 = Debug|Win32
		{5C8E9509-27A0-441B-9A36-B5A948665452}.Release|x64.ActiveCfg = Release|x64
		{5C8E9509-27A0-441B-9A36-B5A948665452}.Release|x64.Build.0 = Release|x64
		{5C8E9509-27A0-441B-9A36-B5A948665452}.Release|x86.ActiveCfg = Release|Win32
		{5C8E9509-27A0-441B-9A36-B5A948665452}.Release|x86.Build.0 = Release|Win32
		{058A25F6-1D03-4DC5-A9E0-D60A4E7DAEEE}.Debug|x64.ActiveCfg = Debug|x64
		{058A25F6-1D03-4DC5-A9E0-D60A4E7DAEEE}.Debug|x64.Build.0 = Debug|x64
		{058A25F6-1D03-4DC5-A9E0-D60A4E7DAEEE}.Debug|x86.ActiveCfg = Debug|Win32
		{058A25F6-1D03-4DC5-A9E0-D60A4E7DAEEE}.Debug|x86.Build.0 = Debug|Win32
		{058A25F6-1D03-4DC5-A9E0-D60A4E7DAEEE}.Release|x64.ActiveCfg = Release|x64
		{058A25F6-1D03-4DC5-A9E0-D60A4E7DAEEE}.Release|x64.Build.0 = Release|x64
		{058A25F6-1D03-4DC5-A9E0-D60A4E7DAEEE}.Release|x86.ActiveCfg = Release|Win32
		{058A25F6-1D03-4DC5-A9E0-D60A4E7DAEEE}.Release|x86.Build.0 = Release|Win32
		{FA510687-DD42-4347-ADB7-2D6F8810D4F0}.Debug|x64.ActiveCfg = Debug|x64
		{FA510687-DD42-4347-ADB7-2D6F8810D4F0}.Debug|x64.Build.0 = Debug|x64
		{FA510687-DD42-4347-ADB7-2D6F8810D4F0}.Debug|x86.ActiveCfg = Debug|Win32
		{FA510687-DD42-4347-ADB7-2D6F8810D4F0}.Debug|x86.Build.0 = Debug|Win32
		{FA510687-DD42-4347-ADB7-2D6F8810D4F0}.Release|x64.ActiveCfg = Release|x64
		{FA510687-DD42-4347-ADB7-2D6F8810D4F0}.Release|x64.Build.0 = Release|x64
		{FA510687-DD42-4347-ADB7-2D6F8810D4F0}.Release|x86.ActiveCfg = Release|Win32
		{FA510687-DD42-4347-ADB7-2D6F8810D4F0}.Release|x86.Build.0 = Release|Win32
		{E9A3C4FC-4C35-4040-83D4-73CD3259A4DD}.Debug|x64.ActiveCfg = Debug|x64
		{E9A3C4FC-4C35-4040-83D4-73CD3259A4DD}.Debug|x64.Build.0 = Debug|x64
		{E9A3C4FC-4C35-4040-83D4-73CD3259A4DD}.Debug|x86.ActiveCfg = Debug|Win32
		{E9A3C4FC-4C35-4040-83D4-73CD3259A4DD}.Debug|x86.Build.0 = Debug|Win32
		{E9A3C4FC-4C35-4040-83D4-73CD3259A4DD}.Release|x64.ActiveCfg = Release|x64
		{E9A3C4FC-4C35-4040-83D4-73CD3259A4DD}.Release|x64.Build.0 = Release|x64
		{E9A3C4FC-4C35-4040-83D4-73CD3259A4DD}.Release|x86.ActiveCfg = Release|Win32
		{E9A3C4FC-4C35-4040-83D4-73CD3259A4DD}.Release|x86.Build.0 = Release|Win32
	EndGlobalSection
	GlobalSection(SolutionProperties) = preSolution
		HideSolutionNode = FALSE
	EndGlobalSection
	GlobalSection(ExtensibilityGlobals) = postSolution
		SolutionGuid = {219F5219-9C53-4FD0-97A9-45C6CEFC6882}
	EndGlobalSection
EndGlobal
